// !$*UTF8*$!
{
	archiveVersion = 1;
	classes = {
	};
	objectVersion = 56;
	objects = {

/* Begin PBXBuildFile section */
		95F400D62AB4654E009D78D6 /* AppDelegate.swift in Sources */ = {isa = PBXBuildFile; fileRef = 95F400D52AB4654E009D78D6 /* AppDelegate.swift */; };
		95F400D82AB4654E009D78D6 /* SceneDelegate.swift in Sources */ = {isa = PBXBuildFile; fileRef = 95F400D72AB4654E009D78D6 /* SceneDelegate.swift */; };
		95F400DD2AB4654E009D78D6 /* Main.storyboard in Resources */ = {isa = PBXBuildFile; fileRef = 95F400DB2AB4654E009D78D6 /* Main.storyboard */; };
		95F400E22AB4654F009D78D6 /* Assets.xcassets in Resources */ = {isa = PBXBuildFile; fileRef = 95F400E12AB4654F009D78D6 /* Assets.xcassets */; };
		95F400E52AB4654F009D78D6 /* LaunchScreen.storyboard in Resources */ = {isa = PBXBuildFile; fileRef = 95F400E32AB4654F009D78D6 /* LaunchScreen.storyboard */; };
		95F400EF2AB469D2009D78D6 /* ViewController.swift in Sources */ = {isa = PBXBuildFile; fileRef = 95F400EE2AB469D2009D78D6 /* ViewController.swift */; };
		95F400F12AB46BCF009D78D6 /* TableViewController.swift in Sources */ = {isa = PBXBuildFile; fileRef = 95F400F02AB46BCF009D78D6 /* TableViewController.swift */; };
		D175606C2AB878CE0053DFE0 /* NotesModel.xcdatamodeld in Sources */ = {isa = PBXBuildFile; fileRef = D175606A2AB878CE0053DFE0 /* NotesModel.xcdatamodeld */; };
		D1931B512AB7B4C400717A0A /* crow.wav in Resources */ = {isa = PBXBuildFile; fileRef = D1931B502AB7B4C400717A0A /* crow.wav */; };
/* End PBXBuildFile section */

/* Begin PBXFileReference section */
		95F400D22AB4654E009D78D6 /* test1onMac.app */ = {isa = PBXFileReference; explicitFileType = wrapper.application; includeInIndex = 0; path = test1onMac.app; sourceTree = BUILT_PRODUCTS_DIR; };
		95F400D52AB4654E009D78D6 /* AppDelegate.swift */ = {isa = PBXFileReference; lastKnownFileType = sourcecode.swift; path = AppDelegate.swift; sourceTree = "<group>"; };
		95F400D72AB4654E009D78D6 /* SceneDelegate.swift */ = {isa = PBXFileReference; lastKnownFileType = sourcecode.swift; path = SceneDelegate.swift; sourceTree = "<group>"; };
		95F400DC2AB4654E009D78D6 /* Base */ = {isa = PBXFileReference; lastKnownFileType = file.storyboard; name = Base; path = Base.lproj/Main.storyboard; sourceTree = "<group>"; };
		95F400E12AB4654F009D78D6 /* Assets.xcassets */ = {isa = PBXFileReference; lastKnownFileType = folder.assetcatalog; path = Assets.xcassets; sourceTree = "<group>"; };
		95F400E42AB4654F009D78D6 /* Base */ = {isa = PBXFileReference; lastKnownFileType = file.storyboard; name = Base; path = Base.lproj/LaunchScreen.storyboard; sourceTree = "<group>"; };
		95F400E62AB4654F009D78D6 /* Info.plist */ = {isa = PBXFileReference; lastKnownFileType = text.plist.xml; path = Info.plist; sourceTree = "<group>"; };
		95F400EE2AB469D2009D78D6 /* ViewController.swift */ = {isa = PBXFileReference; lastKnownFileType = sourcecode.swift; path = ViewController.swift; sourceTree = "<group>"; };
		95F400F02AB46BCF009D78D6 /* TableViewController.swift */ = {isa = PBXFileReference; lastKnownFileType = sourcecode.swift; path = TableViewController.swift; sourceTree = "<group>"; };
		D175606B2AB878CE0053DFE0 /* NotesModel.xcdatamodel */ = {isa = PBXFileReference; lastKnownFileType = wrapper.xcdatamodel; path = NotesModel.xcdatamodel; sourceTree = "<group>"; };
		D1931B502AB7B4C400717A0A /* crow.wav */ = {isa = PBXFileReference; lastKnownFileType = audio.wav; path = crow.wav; sourceTree = "<group>"; };
/* End PBXFileReference section */

/* Begin PBXFrameworksBuildPhase section */
		95F400CF2AB4654E009D78D6 /* Frameworks */ = {
			isa = PBXFrameworksBuildPhase;
			buildActionMask = 2147483647;
			files = (
			);
			runOnlyForDeploymentPostprocessing = 0;
		};
/* End PBXFrameworksBuildPhase section */

/* Begin PBXGroup section */
		95F400C92AB4654E009D78D6 = {
			isa = PBXGroup;
			children = (
				95F400D42AB4654E009D78D6 /* test1onMac */,
				95F400D32AB4654E009D78D6 /* Products */,
			);
			sourceTree = "<group>";
		};
		95F400D32AB4654E009D78D6 /* Products */ = {
			isa = PBXGroup;
			children = (
				95F400D22AB4654E009D78D6 /* test1onMac.app */,
			);
			name = Products;
			sourceTree = "<group>";
		};
		95F400D42AB4654E009D78D6 /* test1onMac */ = {
			isa = PBXGroup;
			children = (
				95F400D52AB4654E009D78D6 /* AppDelegate.swift */,
				95F400D72AB4654E009D78D6 /* SceneDelegate.swift */,
				95F400EE2AB469D2009D78D6 /* ViewController.swift */,
				95F400F02AB46BCF009D78D6 /* TableViewController.swift */,
				D175606A2AB878CE0053DFE0 /* NotesModel.xcdatamodeld */,
				95F400DB2AB4654E009D78D6 /* Main.storyboard */,
				95F400E12AB4654F009D78D6 /* Assets.xcassets */,
				95F400E32AB4654F009D78D6 /* LaunchScreen.storyboard */,
				95F400E62AB4654F009D78D6 /* Info.plist */,
				D1931B502AB7B4C400717A0A /* crow.wav */,
			);
			path = test1onMac;
			sourceTree = "<group>";
		};
/* End PBXGroup section */

/* Begin PBXNativeTarget section */
		95F400D12AB4654E009D78D6 /* test1onMac */ = {
			isa = PBXNativeTarget;
			buildConfigurationList = 95F400E92AB4654F009D78D6 /* Build configuration list for PBXNativeTarget "test1onMac" */;
			buildPhases = (
				95F400CE2AB4654E009D78D6 /* Sources */,
				95F400CF2AB4654E009D78D6 /* Frameworks */,
				95F400D02AB4654E009D78D6 /* Resources */,
			);
			buildRules = (
			);
			dependencies = (
			);
			name = test1onMac;
			productName = test1onMac;
			productReference = 95F400D22AB4654E009D78D6 /* test1onMac.app */;
			productType = "com.apple.product-type.application";
		};
/* End PBXNativeTarget section */

/* Begin PBXProject section */
		95F400CA2AB4654E009D78D6 /* Project object */ = {
			isa = PBXProject;
			attributes = {
				BuildIndependentTargetsInParallel = 1;
				LastSwiftUpdateCheck = 1430;
				LastUpgradeCheck = 1430;
				TargetAttributes = {
					95F400D12AB4654E009D78D6 = {
						CreatedOnToolsVersion = 14.3.1;
					};
				};
			};
			buildConfigurationList = 95F400CD2AB4654E009D78D6 /* Build configuration list for PBXProject "test1onMac" */;
			compatibilityVersion = "Xcode 14.0";
			developmentRegion = en;
			hasScannedForEncodings = 0;
			knownRegions = (
				en,
				Base,
			);
			mainGroup = 95F400C92AB4654E009D78D6;
			productRefGroup = 95F400D32AB4654E009D78D6 /* Products */;
			projectDirPath = "";
			projectRoot = "";
			targets = (
				95F400D12AB4654E009D78D6 /* test1onMac */,
			);
		};
/* End PBXProject section */

/* Begin PBXResourcesBuildPhase section */
		95F400D02AB4654E009D78D6 /* Resources */ = {
			isa = PBXResourcesBuildPhase;
			buildActionMask = 2147483647;
			files = (
				95F400E52AB4654F009D78D6 /* LaunchScreen.storyboard in Resources */,
				95F400E22AB4654F009D78D6 /* Assets.xcassets in Resources */,
				95F400DD2AB4654E009D78D6 /* Main.storyboard in Resources */,
				D1931B512AB7B4C400717A0A /* crow.wav in Resources */,
			);
			runOnlyForDeploymentPostprocessing = 0;
		};
/* End PBXResourcesBuildPhase section */

/* Begin PBXSourcesBuildPhase section */
		95F400CE2AB4654E009D78D6 /* Sources */ = {
			isa = PBXSourcesBuildPhase;
			buildActionMask = 2147483647;
			files = (
				95F400D62AB4654E009D78D6 /* AppDelegate.swift in Sources */,
				95F400EF2AB469D2009D78D6 /* ViewController.swift in Sources */,
				D175606C2AB878CE0053DFE0 /* NotesModel.xcdatamodeld in Sources */,
				95F400F12AB46BCF009D78D6 /* TableViewController.swift in Sources */,
				95F400D82AB4654E009D78D6 /* SceneDelegate.swift in Sources */,
			);
			runOnlyForDeploymentPostprocessing = 0;
		};
/* End PBXSourcesBuildPhase section */

/* Begin PBXVariantGroup section */
		95F400DB2AB4654E009D78D6 /* Main.storyboard */ = {
			isa = PBXVariantGroup;
			children = (
				95F400DC2AB4654E009D78D6 /* Base */,
			);
			name = Main.storyboard;
			sourceTree = "<group>";
		};
		95F400E32AB4654F009D78D6 /* LaunchScreen.storyboard */ = {
			isa = PBXVariantGroup;
			children = (
				95F400E42AB4654F009D78D6 /* Base */,
			);
			name = LaunchScreen.storyboard;
			sourceTree = "<group>";
		};
/* End PBXVariantGroup section */

/* Begin XCBuildConfiguration section */
		95F400E72AB4654F009D78D6 /* Debug */ = {
			isa = XCBuildConfiguration;
			buildSettings = {
				ALWAYS_SEARCH_USER_PATHS = NO;
				CLANG_ANALYZER_NONNULL = YES;
				CLANG_ANALYZER_NUMBER_OBJECT_CONVERSION = YES_AGGRESSIVE;
				CLANG_CXX_LANGUAGE_STANDARD = "gnu++20";
				CLANG_ENABLE_MODULES = YES;
				CLANG_ENABLE_OBJC_ARC = YES;
				CLANG_ENABLE_OBJC_WEAK = YES;
				CLANG_WARN_BLOCK_CAPTURE_AUTORELEASING = YES;
				CLANG_WARN_BOOL_CONVERSION = YES;
				CLANG_WARN_COMMA = YES;
				CLANG_WARN_CONSTANT_CONVERSION = YES;
				CLANG_WARN_DEPRECATED_OBJC_IMPLEMENTATIONS = YES;
				CLANG_WARN_DIRECT_OBJC_ISA_USAGE = YES_ERROR;
				CLANG_WARN_DOCUMENTATION_COMMENTS = YES;
				CLANG_WARN_EMPTY_BODY = YES;
				CLANG_WARN_ENUM_CONVERSION = YES;
				CLANG_WARN_INFINITE_RECURSION = YES;
				CLANG_WARN_INT_CONVERSION = YES;
				CLANG_WARN_NON_LITERAL_NULL_CONVERSION = YES;
				CLANG_WARN_OBJC_IMPLICIT_RETAIN_SELF = YES;
				CLANG_WARN_OBJC_LITERAL_CONVERSION = YES;
				CLANG_WARN_OBJC_ROOT_CLASS = YES_ERROR;
				CLANG_WARN_QUOTED_INCLUDE_IN_FRAMEWORK_HEADER = YES;
				CLANG_WARN_RANGE_LOOP_ANALYSIS = YES;
				CLANG_WARN_STRICT_PROTOTYPES = YES;
				CLANG_WARN_SUSPICIOUS_MOVE = YES;
				CLANG_WARN_UNGUARDED_AVAILABILITY = YES_AGGRESSIVE;
				CLANG_WARN_UNREACHABLE_CODE = YES;
				CLANG_WARN__DUPLICATE_METHOD_MATCH = YES;
				COPY_PHASE_STRIP = NO;
				DEBUG_INFORMATION_FORMAT = dwarf;
				ENABLE_STRICT_OBJC_MSGSEND = YES;
				ENABLE_TESTABILITY = YES;
				GCC_C_LANGUAGE_STANDARD = gnu11;
				GCC_DYNAMIC_NO_PIC = NO;
				GCC_NO_COMMON_BLOCKS = YES;
				GCC_OPTIMIZATION_LEVEL = 0;
				GCC_PREPROCESSOR_DEFINITIONS = (
					"DEBUG=1",
					"$(inherited)",
				);
				GCC_WARN_64_TO_32_BIT_CONVERSION = YES;
				GCC_WARN_ABOUT_RETURN_TYPE = YES_ERROR;
				GCC_WARN_UNDECLARED_SELECTOR = YES;
				GCC_WARN_UNINITIALIZED_AUTOS = YES_AGGRESSIVE;
				GCC_WARN_UNUSED_FUNCTION = YES;
				GCC_WARN_UNUSED_VARIABLE = YES;
				IPHONEOS_DEPLOYMENT_TARGET = 16.4;
				MTL_ENABLE_DEBUG_INFO = INCLUDE_SOURCE;
				MTL_FAST_MATH = YES;
				ONLY_ACTIVE_ARCH = YES;
				SDKROOT = iphoneos;
				SWIFT_ACTIVE_COMPILATION_CONDITIONS = DEBUG;
				SWIFT_OPTIMIZATION_LEVEL = "-Onone";
			};
			name = Debug;
		};
		95F400E82AB4654F009D78D6 /* Release */ = {
			isa = XCBuildConfiguration;
			buildSettings = {
				ALWAYS_SEARCH_USER_PATHS = NO;
				CLANG_ANALYZER_NONNULL = YES;
				CLANG_ANALYZER_NUMBER_OBJECT_CONVERSION = YES_AGGRESSIVE;
				CLANG_CXX_LANGUAGE_STANDARD = "gnu++20";
				CLANG_ENABLE_MODULES = YES;
				CLANG_ENABLE_OBJC_ARC = YES;
				CLANG_ENABLE_OBJC_WEAK = YES;
				CLANG_WARN_BLOCK_CAPTURE_AUTORELEASING = YES;
				CLANG_WARN_BOOL_CONVERSION = YES;
				CLANG_WARN_COMMA = YES;
				CLANG_WARN_CONSTANT_CONVERSION = YES;
				CLANG_WARN_DEPRECATED_OBJC_IMPLEMENTATIONS = YES;
				CLANG_WARN_DIRECT_OBJC_ISA_USAGE = YES_ERROR;
				CLANG_WARN_DOCUMENTATION_COMMENTS = YES;
				CLANG_WARN_EMPTY_BODY = YES;
				CLANG_WARN_ENUM_CONVERSION = YES;
				CLANG_WARN_INFINITE_RECURSION = YES;
				CLANG_WARN_INT_CONVERSION = YES;
				CLANG_WARN_NON_LITERAL_NULL_CONVERSION = YES;
				CLANG_WARN_OBJC_IMPLICIT_RETAIN_SELF = YES;
				CLANG_WARN_OBJC_LITERAL_CONVERSION = YES;
				CLANG_WARN_OBJC_ROOT_CLASS = YES_ERROR;
				CLANG_WARN_QUOTED_INCLUDE_IN_FRAMEWORK_HEADER = YES;
				CLANG_WARN_RANGE_LOOP_ANALYSIS = YES;
				CLANG_WARN_STRICT_PROTOTYPES = YES;
				CLANG_WARN_SUSPICIOUS_MOVE = YES;
				CLANG_WARN_UNGUARDED_AVAILABILITY = YES_AGGRESSIVE;
				CLANG_WARN_UNREACHABLE_CODE = YES;
				CLANG_WARN__DUPLICATE_METHOD_MATCH = YES;
				COPY_PHASE_STRIP = NO;
				DEBUG_INFORMATION_FORMAT = "dwarf-with-dsym";
				ENABLE_NS_ASSERTIONS = NO;
				ENABLE_STRICT_OBJC_MSGSEND = YES;
				GCC_C_LANGUAGE_STANDARD = gnu11;
				GCC_NO_COMMON_BLOCKS = YES;
				GCC_WARN_64_TO_32_BIT_CONVERSION = YES;
				GCC_WARN_ABOUT_RETURN_TYPE = YES_ERROR;
				GCC_WARN_UNDECLARED_SELECTOR = YES;
				GCC_WARN_UNINITIALIZED_AUTOS = YES_AGGRESSIVE;
				GCC_WARN_UNUSED_FUNCTION = YES;
				GCC_WARN_UNUSED_VARIABLE = YES;
				IPHONEOS_DEPLOYMENT_TARGET = 16.4;
				MTL_ENABLE_DEBUG_INFO = NO;
				MTL_FAST_MATH = YES;
				SDKROOT = iphoneos;
				SWIFT_COMPILATION_MODE = wholemodule;
				SWIFT_OPTIMIZATION_LEVEL = "-O";
				VALIDATE_PRODUCT = YES;
			};
			name = Release;
		};
		95F400EA2AB4654F009D78D6 /* Debug */ = {
			isa = XCBuildConfiguration;
			buildSettings = {
				ASSETCATALOG_COMPILER_APPICON_NAME = AppIcon;
				ASSETCATALOG_COMPILER_GLOBAL_ACCENT_COLOR_NAME = AccentColor;
				CODE_SIGN_STYLE = Automatic;
				CURRENT_PROJECT_VERSION = 1;
				DEVELOPMENT_TEAM = HL6G2GWRGK;
				GENERATE_INFOPLIST_FILE = YES;
				INFOPLIST_FILE = test1onMac/Info.plist;
				INFOPLIST_KEY_UIApplicationSupportsIndirectInputEvents = YES;
				INFOPLIST_KEY_UILaunchStoryboardName = LaunchScreen;
				INFOPLIST_KEY_UIMainStoryboardFile = Main;
				INFOPLIST_KEY_UISupportedInterfaceOrientations_iPad = "UIInterfaceOrientationPortrait UIInterfaceOrientationPortraitUpsideDown UIInterfaceOrientationLandscapeLeft UIInterfaceOrientationLandscapeRight";
				INFOPLIST_KEY_UISupportedInterfaceOrientations_iPhone = "UIInterfaceOrientationPortrait UIInterfaceOrientationLandscapeLeft UIInterfaceOrientationLandscapeRight";
				LD_RUNPATH_SEARCH_PATHS = (
					"$(inherited)",
					"@executable_path/Frameworks",
				);
				MARKETING_VERSION = 1.0;
				PRODUCT_BUNDLE_IDENTIFIER = com.turkerkizilcik.test1onMac;
				PRODUCT_NAME = "$(TARGET_NAME)";
				SWIFT_EMIT_LOC_STRINGS = YES;
				SWIFT_VERSION = 5.0;
				TARGETED_DEVICE_FAMILY = "1,2";
			};
			name = Debug;
		};
		95F400EB2AB4654F009D78D6 /* Release */ = {
			isa = XCBuildConfiguration;
			buildSettings = {
				ASSETCATALOG_COMPILER_APPICON_NAME = AppIcon;
				ASSETCATALOG_COMPILER_GLOBAL_ACCENT_COLOR_NAME = AccentColor;
				CODE_SIGN_STYLE = Automatic;
				CURRENT_PROJECT_VERSION = 1;
				DEVELOPMENT_TEAM = HL6G2GWRGK;
				GENERATE_INFOPLIST_FILE = YES;
				INFOPLIST_FILE = test1onMac/Info.plist;
				INFOPLIST_KEY_UIApplicationSupportsIndirectInputEvents = YES;
				INFOPLIST_KEY_UILaunchStoryboardName = LaunchScreen;
				INFOPLIST_KEY_UIMainStoryboardFile = Main;
				INFOPLIST_KEY_UISupportedInterfaceOrientations_iPad = "UIInterfaceOrientationPortrait UIInterfaceOrientationPortraitUpsideDown UIInterfaceOrientationLandscapeLeft UIInterfaceOrientationLandscapeRight";
				INFOPLIST_KEY_UISupportedInterfaceOrientations_iPhone = "UIInterfaceOrientationPortrait UIInterfaceOrientationLandscapeLeft UIInterfaceOrientationLandscapeRight";
				LD_RUNPATH_SEARCH_PATHS = (
					"$(inherited)",
					"@executable_path/Frameworks",
				);
				MARKETING_VERSION = 1.0;
				PRODUCT_BUNDLE_IDENTIFIER = com.turkerkizilcik.test1onMac;
				PRODUCT_NAME = "$(TARGET_NAME)";
				SWIFT_EMIT_LOC_STRINGS = YES;
				SWIFT_VERSION = 5.0;
				TARGETED_DEVICE_FAMILY = "1,2";
			};
			name = Release;
		};
/* End XCBuildConfiguration section */

/* Begin XCConfigurationList section */
		95F400CD2AB4654E009D78D6 /* Build configuration list for PBXProject "test1onMac" */ = {
			isa = XCConfigurationList;
			buildConfigurations = (
				95F400E72AB4654F009D78D6 /* Debug */,
				95F400E82AB4654F009D78D6 /* Release */,
			);
			defaultConfigurationIsVisible = 0;
			defaultConfigurationName = Release;
		};
		95F400E92AB4654F009D78D6 /* Build configuration list for PBXNativeTarget "test1onMac" */ = {
			isa = XCConfigurationList;
			buildConfigurations = (
				95F400EA2AB4654F009D78D6 /* Debug */,
				95F400EB2AB4654F009D78D6 /* Release */,
			);
			defaultConfigurationIsVisible = 0;
			defaultConfigurationName = Release;
		};
/* End XCConfigurationList section */

/* Begin XCVersionGroup section */
		D175606A2AB878CE0053DFE0 /* NotesModel.xcdatamodeld */ = {
			isa = XCVersionGroup;
			children = (
				D175606B2AB878CE0053DFE0 /* NotesModel.xcdatamodel */,
			);
			currentVersion = D175606B2AB878CE0053DFE0 /* NotesModel.xcdatamodel */;
			path = NotesModel.xcdatamodeld;
			sourceTree = "<group>";
			versionGroupType = wrapper.xcdatamodel;
		};
/* End XCVersionGroup section */
	};
	rootObject = 95F400CA2AB4654E009D78D6 /* Project object */;
}
