// !$*UTF8*$!
{
	archiveVersion = 1;
	classes = {
	};
	objectVersion = 56;
	objects = {

/* Begin PBXBuildFile section */
		D1687A8C2AB8FEE800A1775D /* AppDelegate.swift in Sources */ = {isa = PBXBuildFile; fileRef = D1687A8B2AB8FEE800A1775D /* AppDelegate.swift */; };
		D1687A8E2AB8FEE800A1775D /* SceneDelegate.swift in Sources */ = {isa = PBXBuildFile; fileRef = D1687A8D2AB8FEE800A1775D /* SceneDelegate.swift */; };
		D1687A902AB8FEE800A1775D /* ViewController.swift in Sources */ = {isa = PBXBuildFile; fileRef = D1687A8F2AB8FEE800A1775D /* ViewController.swift */; };
		D1687A932AB8FEE800A1775D /* Main.storyboard in Resources */ = {isa = PBXBuildFile; fileRef = D1687A912AB8FEE800A1775D /* Main.storyboard */; };
		D1687A952AB8FEE900A1775D /* Assets.xcassets in Resources */ = {isa = PBXBuildFile; fileRef = D1687A942AB8FEE900A1775D /* Assets.xcassets */; };
		D1687A982AB8FEE900A1775D /* LaunchScreen.storyboard in Resources */ = {isa = PBXBuildFile; fileRef = D1687A962AB8FEE900A1775D /* LaunchScreen.storyboard */; };
		D1687AA02AB8FF4100A1775D /* CollectionViewController.swift in Sources */ = {isa = PBXBuildFile; fileRef = D1687A9F2AB8FF4100A1775D /* CollectionViewController.swift */; };
		D1687AA22AB8FF9B00A1775D /* CollectionViewCell.swift in Sources */ = {isa = PBXBuildFile; fileRef = D1687AA12AB8FF9B00A1775D /* CollectionViewCell.swift */; };
/* End PBXBuildFile section */

/* Begin PBXFileReference section */
		D1687A882AB8FEE800A1775D /* TryingToMakeACell.app */ = {isa = PBXFileReference; explicitFileType = wrapper.application; includeInIndex = 0; path = TryingToMakeACell.app; sourceTree = BUILT_PRODUCTS_DIR; };
		D1687A8B2AB8FEE800A1775D /* AppDelegate.swift */ = {isa = PBXFileReference; lastKnownFileType = sourcecode.swift; path = AppDelegate.swift; sourceTree = "<group>"; };
		D1687A8D2AB8FEE800A1775D /* SceneDelegate.swift */ = {isa = PBXFileReference; lastKnownFileType = sourcecode.swift; path = SceneDelegate.swift; sourceTree = "<group>"; };
		D1687A8F2AB8FEE800A1775D /* ViewController.swift */ = {isa = PBXFileReference; lastKnownFileType = sourcecode.swift; path = ViewController.swift; sourceTree = "<group>"; };
		D1687A922AB8FEE800A1775D /* Base */ = {isa = PBXFileReference; lastKnownFileType = file.storyboard; name = Base; path = Base.lproj/Main.storyboard; sourceTree = "<group>"; };
		D1687A942AB8FEE900A1775D /* Assets.xcassets */ = {isa = PBXFileReference; lastKnownFileType = folder.assetcatalog; path = Assets.xcassets; sourceTree = "<group>"; };
		D1687A972AB8FEE900A1775D /* Base */ = {isa = PBXFileReference; lastKnownFileType = file.storyboard; name = Base; path = Base.lproj/LaunchScreen.storyboard; sourceTree = "<group>"; };
		D1687A992AB8FEE900A1775D /* Info.plist */ = {isa = PBXFileReference; lastKnownFileType = text.plist.xml; path = Info.plist; sourceTree = "<group>"; };
		D1687A9F2AB8FF4100A1775D /* CollectionViewController.swift */ = {isa = PBXFileReference; lastKnownFileType = sourcecode.swift; path = CollectionViewController.swift; sourceTree = "<group>"; };
		D1687AA12AB8FF9B00A1775D /* CollectionViewCell.swift */ = {isa = PBXFileReference; lastKnownFileType = sourcecode.swift; path = CollectionViewCell.swift; sourceTree = "<group>"; };
/* End PBXFileReference section */

/* Begin PBXFrameworksBuildPhase section */
		D1687A852AB8FEE800A1775D /* Frameworks */ = {
			isa = PBXFrameworksBuildPhase;
			buildActionMask = 2147483647;
			files = (
			);
			runOnlyForDeploymentPostprocessing = 0;
		};
/* End PBXFrameworksBuildPhase section */

/* Begin PBXGroup section */
		D1687A7F2AB8FEE700A1775D = {
			isa = PBXGroup;
			children = (
				D1687A8A2AB8FEE800A1775D /* TryingToMakeACell */,
				D1687A892AB8FEE800A1775D /* Products */,
			);
			sourceTree = "<group>";
		};
		D1687A892AB8FEE800A1775D /* Products */ = {
			isa = PBXGroup;
			children = (
				D1687A882AB8FEE800A1775D /* TryingToMakeACell.app */,
			);
			name = Products;
			sourceTree = "<group>";
		};
		D1687A8A2AB8FEE800A1775D /* TryingToMakeACell */ = {
			isa = PBXGroup;
			children = (
				D1687A8B2AB8FEE800A1775D /* AppDelegate.swift */,
				D1687A8D2AB8FEE800A1775D /* SceneDelegate.swift */,
				D1687A8F2AB8FEE800A1775D /* ViewController.swift */,
				D1687A9F2AB8FF4100A1775D /* CollectionViewController.swift */,
				D1687AA12AB8FF9B00A1775D /* CollectionViewCell.swift */,
				D1687A912AB8FEE800A1775D /* Main.storyboard */,
				D1687A942AB8FEE900A1775D /* Assets.xcassets */,
				D1687A962AB8FEE900A1775D /* LaunchScreen.storyboard */,
				D1687A992AB8FEE900A1775D /* Info.plist */,
			);
			path = TryingToMakeACell;
			sourceTree = "<group>";
		};
/* End PBXGroup section */

/* Begin PBXNativeTarget section */
		D1687A872AB8FEE800A1775D /* TryingToMakeACell */ = {
			isa = PBXNativeTarget;
			buildConfigurationList = D1687A9C2AB8FEE900A1775D /* Build configuration list for PBXNativeTarget "TryingToMakeACell" */;
			buildPhases = (
				D1687A842AB8FEE800A1775D /* Sources */,
				D1687A852AB8FEE800A1775D /* Frameworks */,
				D1687A862AB8FEE800A1775D /* Resources */,
			);
			buildRules = (
			);
			dependencies = (
			);
			name = TryingToMakeACell;
			productName = TryingToMakeACell;
			productReference = D1687A882AB8FEE800A1775D /* TryingToMakeACell.app */;
			productType = "com.apple.product-type.application";
		};
/* End PBXNativeTarget section */

/* Begin PBXProject section */
		D1687A802AB8FEE700A1775D /* Project object */ = {
			isa = PBXProject;
			attributes = {
				BuildIndependentTargetsInParallel = 1;
				LastSwiftUpdateCheck = 1430;
				LastUpgradeCheck = 1430;
				TargetAttributes = {
					D1687A872AB8FEE800A1775D = {
						CreatedOnToolsVersion = 14.3.1;
					};
				};
			};
			buildConfigurationList = D1687A832AB8FEE700A1775D /* Build configuration list for PBXProject "TryingToMakeACell" */;
			compatibilityVersion = "Xcode 14.0";
			developmentRegion = en;
			hasScannedForEncodings = 0;
			knownRegions = (
				en,
				Base,
			);
			mainGroup = D1687A7F2AB8FEE700A1775D;
			productRefGroup = D1687A892AB8FEE800A1775D /* Products */;
			projectDirPath = "";
			projectRoot = "";
			targets = (
				D1687A872AB8FEE800A1775D /* TryingToMakeACell */,
			);
		};
/* End PBXProject section */

/* Begin PBXResourcesBuildPhase section */
		D1687A862AB8FEE800A1775D /* Resources */ = {
			isa = PBXResourcesBuildPhase;
			buildActionMask = 2147483647;
			files = (
				D1687A982AB8FEE900A1775D /* LaunchScreen.storyboard in Resources */,
				D1687A952AB8FEE900A1775D /* Assets.xcassets in Resources */,
				D1687A932AB8FEE800A1775D /* Main.storyboard in Resources */,
			);
			runOnlyForDeploymentPostprocessing = 0;
		};
/* End PBXResourcesBuildPhase section */

/* Begin PBXSourcesBuildPhase section */
		D1687A842AB8FEE800A1775D /* Sources */ = {
			isa = PBXSourcesBuildPhase;
			buildActionMask = 2147483647;
			files = (
				D1687AA22AB8FF9B00A1775D /* CollectionViewCell.swift in Sources */,
				D1687AA02AB8FF4100A1775D /* CollectionViewController.swift in Sources */,
				D1687A902AB8FEE800A1775D /* ViewController.swift in Sources */,
				D1687A8C2AB8FEE800A1775D /* AppDelegate.swift in Sources */,
				D1687A8E2AB8FEE800A1775D /* SceneDelegate.swift in Sources */,
			);
			runOnlyForDeploymentPostprocessing = 0;
		};
/* End PBXSourcesBuildPhase section */

/* Begin PBXVariantGroup section */
		D1687A912AB8FEE800A1775D /* Main.storyboard */ = {
			isa = PBXVariantGroup;
			children = (
				D1687A922AB8FEE800A1775D /* Base */,
			);
			name = Main.storyboard;
			sourceTree = "<group>";
		};
		D1687A962AB8FEE900A1775D /* LaunchScreen.storyboard */ = {
			isa = PBXVariantGroup;
			children = (
				D1687A972AB8FEE900A1775D /* Base */,
			);
			name = LaunchScreen.storyboard;
			sourceTree = "<group>";
		};
/* End PBXVariantGroup section */

/* Begin XCBuildConfiguration section */
		D1687A9A2AB8FEE900A1775D /* Debug */ = {
			isa = XCBuildConfiguration;
			buildSettings = {
				ALWAYS_SEARCH_USER_PATHS = NO;
				CLANG_ANALYZER_NONNULL = YES;
				CLANG_ANALYZER_NUMBER_OBJECT_CONVERSION = YES_AGGRESSIVE;
				CLANG_CXX_LANGUAGE_STANDARD = "gnu++20";
				CLANG_ENABLE_MODULES = YES;
				CLANG_ENABLE_OBJC_ARC = YES;
				CLANG_ENABLE_OBJC_WEAK = YES;
				CLANG_WARN_BLOCK_CAPTURE_AUTORELEASING = YES;
				CLANG_WARN_BOOL_CONVERSION = YES;
				CLANG_WARN_COMMA = YES;
				CLANG_WARN_CONSTANT_CONVERSION = YES;
				CLANG_WARN_DEPRECATED_OBJC_IMPLEMENTATIONS = YES;
				CLANG_WARN_DIRECT_OBJC_ISA_USAGE = YES_ERROR;
				CLANG_WARN_DOCUMENTATION_COMMENTS = YES;
				CLANG_WARN_EMPTY_BODY = YES;
				CLANG_WARN_ENUM_CONVERSION = YES;
				CLANG_WARN_INFINITE_RECURSION = YES;
				CLANG_WARN_INT_CONVERSION = YES;
				CLANG_WARN_NON_LITERAL_NULL_CONVERSION = YES;
				CLANG_WARN_OBJC_IMPLICIT_RETAIN_SELF = YES;
				CLANG_WARN_OBJC_LITERAL_CONVERSION = YES;
				CLANG_WARN_OBJC_ROOT_CLASS = YES_ERROR;
				CLANG_WARN_QUOTED_INCLUDE_IN_FRAMEWORK_HEADER = YES;
				CLANG_WARN_RANGE_LOOP_ANALYSIS = YES;
				CLANG_WARN_STRICT_PROTOTYPES = YES;
				CLANG_WARN_SUSPICIOUS_MOVE = YES;
				CLANG_WARN_UNGUARDED_AVAILABILITY = YES_AGGRESSIVE;
				CLANG_WARN_UNREACHABLE_CODE = YES;
				CLANG_WARN__DUPLICATE_METHOD_MATCH = YES;
				COPY_PHASE_STRIP = NO;
				DEBUG_INFORMATION_FORMAT = dwarf;
				ENABLE_STRICT_OBJC_MSGSEND = YES;
				ENABLE_TESTABILITY = YES;
				GCC_C_LANGUAGE_STANDARD = gnu11;
				GCC_DYNAMIC_NO_PIC = NO;
				GCC_NO_COMMON_BLOCKS = YES;
				GCC_OPTIMIZATION_LEVEL = 0;
				GCC_PREPROCESSOR_DEFINITIONS = (
					"DEBUG=1",
					"$(inherited)",
				);
				GCC_WARN_64_TO_32_BIT_CONVERSION = YES;
				GCC_WARN_ABOUT_RETURN_TYPE = YES_ERROR;
				GCC_WARN_UNDECLARED_SELECTOR = YES;
				GCC_WARN_UNINITIALIZED_AUTOS = YES_AGGRESSIVE;
				GCC_WARN_UNUSED_FUNCTION = YES;
				GCC_WARN_UNUSED_VARIABLE = YES;
				IPHONEOS_DEPLOYMENT_TARGET = 16.4;
				MTL_ENABLE_DEBUG_INFO = INCLUDE_SOURCE;
				MTL_FAST_MATH = YES;
				ONLY_ACTIVE_ARCH = YES;
				SDKROOT = iphoneos;
				SWIFT_ACTIVE_COMPILATION_CONDITIONS = DEBUG;
				SWIFT_OPTIMIZATION_LEVEL = "-Onone";
			};
			name = Debug;
		};
		D1687A9B2AB8FEE900A1775D /* Release */ = {
			isa = XCBuildConfiguration;
			buildSettings = {
				ALWAYS_SEARCH_USER_PATHS = NO;
				CLANG_ANALYZER_NONNULL = YES;
				CLANG_ANALYZER_NUMBER_OBJECT_CONVERSION = YES_AGGRESSIVE;
				CLANG_CXX_LANGUAGE_STANDARD = "gnu++20";
				CLANG_ENABLE_MODULES = YES;
				CLANG_ENABLE_OBJC_ARC = YES;
				CLANG_ENABLE_OBJC_WEAK = YES;
				CLANG_WARN_BLOCK_CAPTURE_AUTORELEASING = YES;
				CLANG_WARN_BOOL_CONVERSION = YES;
				CLANG_WARN_COMMA = YES;
				CLANG_WARN_CONSTANT_CONVERSION = YES;
				CLANG_WARN_DEPRECATED_OBJC_IMPLEMENTATIONS = YES;
				CLANG_WARN_DIRECT_OBJC_ISA_USAGE = YES_ERROR;
				CLANG_WARN_DOCUMENTATION_COMMENTS = YES;
				CLANG_WARN_EMPTY_BODY = YES;
				CLANG_WARN_ENUM_CONVERSION = YES;
				CLANG_WARN_INFINITE_RECURSION = YES;
				CLANG_WARN_INT_CONVERSION = YES;
				CLANG_WARN_NON_LITERAL_NULL_CONVERSION = YES;
				CLANG_WARN_OBJC_IMPLICIT_RETAIN_SELF = YES;
				CLANG_WARN_OBJC_LITERAL_CONVERSION = YES;
				CLANG_WARN_OBJC_ROOT_CLASS = YES_ERROR;
				CLANG_WARN_QUOTED_INCLUDE_IN_FRAMEWORK_HEADER = YES;
				CLANG_WARN_RANGE_LOOP_ANALYSIS = YES;
				CLANG_WARN_STRICT_PROTOTYPES = YES;
				CLANG_WARN_SUSPICIOUS_MOVE = YES;
				CLANG_WARN_UNGUARDED_AVAILABILITY = YES_AGGRESSIVE;
				CLANG_WARN_UNREACHABLE_CODE = YES;
				CLANG_WARN__DUPLICATE_METHOD_MATCH = YES;
				COPY_PHASE_STRIP = NO;
				DEBUG_INFORMATION_FORMAT = "dwarf-with-dsym";
				ENABLE_NS_ASSERTIONS = NO;
				ENABLE_STRICT_OBJC_MSGSEND = YES;
				GCC_C_LANGUAGE_STANDARD = gnu11;
				GCC_NO_COMMON_BLOCKS = YES;
				GCC_WARN_64_TO_32_BIT_CONVERSION = YES;
				GCC_WARN_ABOUT_RETURN_TYPE = YES_ERROR;
				GCC_WARN_UNDECLARED_SELECTOR = YES;
				GCC_WARN_UNINITIALIZED_AUTOS = YES_AGGRESSIVE;
				GCC_WARN_UNUSED_FUNCTION = YES;
				GCC_WARN_UNUSED_VARIABLE = YES;
				IPHONEOS_DEPLOYMENT_TARGET = 16.4;
				MTL_ENABLE_DEBUG_INFO = NO;
				MTL_FAST_MATH = YES;
				SDKROOT = iphoneos;
				SWIFT_COMPILATION_MODE = wholemodule;
				SWIFT_OPTIMIZATION_LEVEL = "-O";
				VALIDATE_PRODUCT = YES;
			};
			name = Release;
		};
		D1687A9D2AB8FEE900A1775D /* Debug */ = {
			isa = XCBuildConfiguration;
			buildSettings = {
				ASSETCATALOG_COMPILER_APPICON_NAME = AppIcon;
				ASSETCATALOG_COMPILER_GLOBAL_ACCENT_COLOR_NAME = AccentColor;
				CODE_SIGN_STYLE = Automatic;
				CURRENT_PROJECT_VERSION = 1;
				DEVELOPMENT_TEAM = 8NLR5UAY6K;
				GENERATE_INFOPLIST_FILE = YES;
				INFOPLIST_FILE = TryingToMakeACell/Info.plist;
				INFOPLIST_KEY_UIApplicationSupportsIndirectInputEvents = YES;
				INFOPLIST_KEY_UILaunchStoryboardName = LaunchScreen;
				INFOPLIST_KEY_UIMainStoryboardFile = Main;
				INFOPLIST_KEY_UISupportedInterfaceOrientations_iPad = "UIInterfaceOrientationPortrait UIInterfaceOrientationPortraitUpsideDown UIInterfaceOrientationLandscapeLeft UIInterfaceOrientationLandscapeRight";
				INFOPLIST_KEY_UISupportedInterfaceOrientations_iPhone = "UIInterfaceOrientationPortrait UIInterfaceOrientationLandscapeLeft UIInterfaceOrientationLandscapeRight";
				LD_RUNPATH_SEARCH_PATHS = (
					"$(inherited)",
					"@executable_path/Frameworks",
				);
				MARKETING_VERSION = 1.0;
				PRODUCT_BUNDLE_IDENTIFIER = com.turkerkizilcik.TryingToMakeACell;
				PRODUCT_NAME = "$(TARGET_NAME)";
				SWIFT_EMIT_LOC_STRINGS = YES;
				SWIFT_VERSION = 5.0;
				TARGETED_DEVICE_FAMILY = "1,2";
			};
			name = Debug;
		};
		D1687A9E2AB8FEE900A1775D /* Release */ = {
			isa = XCBuildConfiguration;
			buildSettings = {
				ASSETCATALOG_COMPILER_APPICON_NAME = AppIcon;
				ASSETCATALOG_COMPILER_GLOBAL_ACCENT_COLOR_NAME = AccentColor;
				CODE_SIGN_STYLE = Automatic;
				CURRENT_PROJECT_VERSION = 1;
				DEVELOPMENT_TEAM = 8NLR5UAY6K;
				GENERATE_INFOPLIST_FILE = YES;
				INFOPLIST_FILE = TryingToMakeACell/Info.plist;
				INFOPLIST_KEY_UIApplicationSupportsIndirectInputEvents = YES;
				INFOPLIST_KEY_UILaunchStoryboardName = LaunchScreen;
				INFOPLIST_KEY_UIMainStoryboardFile = Main;
				INFOPLIST_KEY_UISupportedInterfaceOrientations_iPad = "UIInterfaceOrientationPortrait UIInterfaceOrientationPortraitUpsideDown UIInterfaceOrientationLandscapeLeft UIInterfaceOrientationLandscapeRight";
				INFOPLIST_KEY_UISupportedInterfaceOrientations_iPhone = "UIInterfaceOrientationPortrait UIInterfaceOrientationLandscapeLeft UIInterfaceOrientationLandscapeRight";
				LD_RUNPATH_SEARCH_PATHS = (
					"$(inherited)",
					"@executable_path/Frameworks",
				);
				MARKETING_VERSION = 1.0;
				PRODUCT_BUNDLE_IDENTIFIER = com.turkerkizilcik.TryingToMakeACell;
				PRODUCT_NAME = "$(TARGET_NAME)";
				SWIFT_EMIT_LOC_STRINGS = YES;
				SWIFT_VERSION = 5.0;
				TARGETED_DEVICE_FAMILY = "1,2";
			};
			name = Release;
		};
/* End XCBuildConfiguration section */

/* Begin XCConfigurationList section */
		D1687A832AB8FEE700A1775D /* Build configuration list for PBXProject "TryingToMakeACell" */ = {
			isa = XCConfigurationList;
			buildConfigurations = (
				D1687A9A2AB8FEE900A1775D /* Debug */,
				D1687A9B2AB8FEE900A1775D /* Release */,
			);
			defaultConfigurationIsVisible = 0;
			defaultConfigurationName = Release;
		};
		D1687A9C2AB8FEE900A1775D /* Build configuration list for PBXNativeTarget "TryingToMakeACell" */ = {
			isa = XCConfigurationList;
			buildConfigurations = (
				D1687A9D2AB8FEE900A1775D /* Debug */,
				D1687A9E2AB8FEE900A1775D /* Release */,
			);
			defaultConfigurationIsVisible = 0;
			defaultConfigurationName = Release;
		};
/* End XCConfigurationList section */
	};
	rootObject = D1687A802AB8FEE700A1775D /* Project object */;
}
